
Microsoft Visual Studio Solution File, Format Version 12.00
# Visual Studio Version 16
VisualStudioVersion = 16.0.31402.337
MinimumVisualStudioVersion = 10.0.40219.1
Project("{FAE04EC0-301F-11D3-BF4B-00C04F79EFBC}") = "WebApplication1", "WebApplication1\WebApplication1.csproj", "{0196D098-3060-44A7-9C62-3FCB82252849}"
EndProject
Global
	GlobalSection(SolutionConfigurationPlatforms) = preSolution
		Debug|Any CPU = Debug|Any CPU
		Release|Any CPU = Release|Any CPU
	EndGlobalSection
	GlobalSection(ProjectConfigurationPlatforms) = postSolution
		{0196D098-3060-44A7-9C62-3FCB82252849}.Debug|Any CPU.ActiveCfg = Debug|Any CPU
		{0196D098-3060-44A7-9C62-3FCB82252849}.Debug|Any CPU.Build.0 = Debug|Any CPU
		{0196D098-3060-44A7-9C62-3FCB82252849}.Release|Any CPU.ActiveCfg = Release|Any CPU
		{0196D098-3060-44A7-9C62-3FCB82252849}.Release|Any CPU.Build.0 = Release|Any CPU
	EndGlobalSection
	GlobalSection(SolutionProperties) = preSolution
		HideSolutionNode = FALSE
	EndGlobalSection
	GlobalSection(ExtensibilityGlobals) = postSolution
		SolutionGuid = {D1F9C73A-F291-48CA-A9E5-AF21927843B1}
	EndGlobalSection
EndGlobal
