
Microsoft Visual Studio Solution File, Format Version 12.00
# Visual Studio Version 16
VisualStudioVersion = 16.0.29905.134
MinimumVisualStudioVersion = 10.0.40219.1
Project("{FAE04EC0-301F-11D3-BF4B-00C04F79EFBC}") = "TimeNTon", "TimeNTon\TimeNTon.csproj", "{6087D690-F41D-4570-B480-691F2C22B39D}"
EndProject
Global
	GlobalSection(SolutionConfigurationPlatforms) = preSolution
		Debug|Any CPU = Debug|Any CPU
		Release|Any CPU = Release|Any CPU
	EndGlobalSection
	GlobalSection(ProjectConfigurationPlatforms) = postSolution
		{6087D690-F41D-4570-B480-691F2C22B39D}.Debug|Any CPU.ActiveCfg = Debug|Any CPU
		{6087D690-F41D-4570-B480-691F2C22B39D}.Debug|Any CPU.Build.0 = Debug|Any CPU
		{6087D690-F41D-4570-B480-691F2C22B39D}.Release|Any CPU.ActiveCfg = Release|Any CPU
		{6087D690-F41D-4570-B480-691F2C22B39D}.Release|Any CPU.Build.0 = Release|Any CPU
	EndGlobalSection
	GlobalSection(SolutionProperties) = preSolution
		HideSolutionNode = FALSE
	EndGlobalSection
	GlobalSection(ExtensibilityGlobals) = postSolution
		SolutionGuid = {44D5B5E8-D2F0-4D91-BE98-4ED450A5DDB4}
	EndGlobalSection
EndGlobal
