
Microsoft Visual Studio Solution File, Format Version 12.00
# Visual Studio Version 16
VisualStudioVersion = 16.0.30523.141
MinimumVisualStudioVersion = 10.0.40219.1
Project("{FAE04EC0-301F-11D3-BF4B-00C04F79EFBC}") = "Zad 2.1.1", "Zad 2.1.1\Zad 2.1.1.csproj", "{1E08FD1E-9814-4C76-AA6B-EDFA4319336A}"
EndProject
Project("{FAE04EC0-301F-11D3-BF4B-00C04F79EFBC}") = "2.1.2", "2.1.2\2.1.2.csproj", "{A4F9A147-A08B-40BA-95DC-1B58A9BA16EE}"
EndProject
Project("{FAE04EC0-301F-11D3-BF4B-00C04F79EFBC}") = "2.1.3", "2.1.3\2.1.3.csproj", "{27F2F295-45ED-4B37-A7BC-21C30C8F6959}"
EndProject
Global
	GlobalSection(SolutionConfigurationPlatforms) = preSolution
		Debug|Any CPU = Debug|Any CPU
		Release|Any CPU = Release|Any CPU
	EndGlobalSection
	GlobalSection(ProjectConfigurationPlatforms) = postSolution
		{1E08FD1E-9814-4C76-AA6B-EDFA4319336A}.Debug|Any CPU.ActiveCfg = Debug|Any CPU
		{1E08FD1E-9814-4C76-AA6B-EDFA4319336A}.Debug|Any CPU.Build.0 = Debug|Any CPU
		{1E08FD1E-9814-4C76-AA6B-EDFA4319336A}.Release|Any CPU.ActiveCfg = Release|Any CPU
		{1E08FD1E-9814-4C76-AA6B-EDFA4319336A}.Release|Any CPU.Build.0 = Release|Any CPU
		{A4F9A147-A08B-40BA-95DC-1B58A9BA16EE}.Debug|Any CPU.ActiveCfg = Debug|Any CPU
		{A4F9A147-A08B-40BA-95DC-1B58A9BA16EE}.Debug|Any CPU.Build.0 = Debug|Any CPU
		{A4F9A147-A08B-40BA-95DC-1B58A9BA16EE}.Release|Any CPU.ActiveCfg = Release|Any CPU
		{A4F9A147-A08B-40BA-95DC-1B58A9BA16EE}.Release|Any CPU.Build.0 = Release|Any CPU
		{27F2F295-45ED-4B37-A7BC-21C30C8F6959}.Debug|Any CPU.ActiveCfg = Debug|Any CPU
		{27F2F295-45ED-4B37-A7BC-21C30C8F6959}.Debug|Any CPU.Build.0 = Debug|Any CPU
		{27F2F295-45ED-4B37-A7BC-21C30C8F6959}.Release|Any CPU.ActiveCfg = Release|Any CPU
		{27F2F295-45ED-4B37-A7BC-21C30C8F6959}.Release|Any CPU.Build.0 = Release|Any CPU
	EndGlobalSection
	GlobalSection(SolutionProperties) = preSolution
		HideSolutionNode = FALSE
	EndGlobalSection
	GlobalSection(ExtensibilityGlobals) = postSolution
		SolutionGuid = {6C46A59C-36E9-4FF0-9CDB-248707750A8B}
	EndGlobalSection
EndGlobal
