
Microsoft Visual Studio Solution File, Format Version 12.00
# Visual Studio Version 16
VisualStudioVersion = 16.0.29613.14
MinimumVisualStudioVersion = 10.0.40219.1
Project("{888888A0-9F3D-457C-B088-3A5042F75D52}") = "Lista12", "Lista12\Lista12.pyproj", "{06DF24BE-6D7C-4E57-8E54-C56289B89BA6}"
EndProject
Global
	GlobalSection(SolutionConfigurationPlatforms) = preSolution
		Debug|Any CPU = Debug|Any CPU
		Release|Any CPU = Release|Any CPU
	EndGlobalSection
	GlobalSection(ProjectConfigurationPlatforms) = postSolution
		{06DF24BE-6D7C-4E57-8E54-C56289B89BA6}.Debug|Any CPU.ActiveCfg = Debug|Any CPU
		{06DF24BE-6D7C-4E57-8E54-C56289B89BA6}.Release|Any CPU.ActiveCfg = Release|Any CPU
	EndGlobalSection
	GlobalSection(SolutionProperties) = preSolution
		HideSolutionNode = FALSE
	EndGlobalSection
	GlobalSection(ExtensibilityGlobals) = postSolution
		SolutionGuid = {50651BFF-E3AB-4DF4-9FEE-0AF3CB36DE3A}
	EndGlobalSection
EndGlobal
