
Microsoft Visual Studio Solution File, Format Version 12.00
# Visual Studio Version 16
VisualStudioVersion = 16.0.29905.134
MinimumVisualStudioVersion = 10.0.40219.1
Project("{FAE04EC0-301F-11D3-BF4B-00C04F79EFBC}") = "Zad 3.1", "Zad 3.1\Zad 3.1.csproj", "{5A671428-3B83-4B6E-9706-1608687CDA58}"
EndProject
Global
	GlobalSection(SolutionConfigurationPlatforms) = preSolution
		Debug|Any CPU = Debug|Any CPU
		Release|Any CPU = Release|Any CPU
	EndGlobalSection
	GlobalSection(ProjectConfigurationPlatforms) = postSolution
		{5A671428-3B83-4B6E-9706-1608687CDA58}.Debug|Any CPU.ActiveCfg = Debug|Any CPU
		{5A671428-3B83-4B6E-9706-1608687CDA58}.Debug|Any CPU.Build.0 = Debug|Any CPU
		{5A671428-3B83-4B6E-9706-1608687CDA58}.Release|Any CPU.ActiveCfg = Release|Any CPU
		{5A671428-3B83-4B6E-9706-1608687CDA58}.Release|Any CPU.Build.0 = Release|Any CPU
	EndGlobalSection
	GlobalSection(SolutionProperties) = preSolution
		HideSolutionNode = FALSE
	EndGlobalSection
	GlobalSection(ExtensibilityGlobals) = postSolution
		SolutionGuid = {297505F7-63AA-4BA7-B600-E6C46453AFC1}
	EndGlobalSection
EndGlobal
