
Microsoft Visual Studio Solution File, Format Version 12.00
# Visual Studio Version 16
VisualStudioVersion = 16.0.31402.337
MinimumVisualStudioVersion = 10.0.40219.1
Project("{FAE04EC0-301F-11D3-BF4B-00C04F79EFBC}") = "ClickOnce", "ClickOnce\ClickOnce.csproj", "{912C3683-E9CE-41EA-9678-A67496EACAF7}"
EndProject
Project("{FAE04EC0-301F-11D3-BF4B-00C04F79EFBC}") = "FormsApp", "FormsApp\FormsApp.csproj", "{5510E75A-7DC6-44F5-BCAC-BC59F1136BC1}"
EndProject
Project("{FAE04EC0-301F-11D3-BF4B-00C04F79EFBC}") = "CustomInterface", "CustomInterface\CustomInterface.csproj", "{91BCD43D-531A-44C2-BBA2-89D7A09AE072}"
EndProject
Global
	GlobalSection(SolutionConfigurationPlatforms) = preSolution
		Debug|Any CPU = Debug|Any CPU
		Release|Any CPU = Release|Any CPU
	EndGlobalSection
	GlobalSection(ProjectConfigurationPlatforms) = postSolution
		{912C3683-E9CE-41EA-9678-A67496EACAF7}.Debug|Any CPU.ActiveCfg = Debug|Any CPU
		{912C3683-E9CE-41EA-9678-A67496EACAF7}.Debug|Any CPU.Build.0 = Debug|Any CPU
		{912C3683-E9CE-41EA-9678-A67496EACAF7}.Release|Any CPU.ActiveCfg = Release|Any CPU
		{912C3683-E9CE-41EA-9678-A67496EACAF7}.Release|Any CPU.Build.0 = Release|Any CPU
		{5510E75A-7DC6-44F5-BCAC-BC59F1136BC1}.Debug|Any CPU.ActiveCfg = Debug|Any CPU
		{5510E75A-7DC6-44F5-BCAC-BC59F1136BC1}.Debug|Any CPU.Build.0 = Debug|Any CPU
		{5510E75A-7DC6-44F5-BCAC-BC59F1136BC1}.Release|Any CPU.ActiveCfg = Release|Any CPU
		{5510E75A-7DC6-44F5-BCAC-BC59F1136BC1}.Release|Any CPU.Build.0 = Release|Any CPU
		{91BCD43D-531A-44C2-BBA2-89D7A09AE072}.Debug|Any CPU.ActiveCfg = Debug|Any CPU
		{91BCD43D-531A-44C2-BBA2-89D7A09AE072}.Debug|Any CPU.Build.0 = Debug|Any CPU
		{91BCD43D-531A-44C2-BBA2-89D7A09AE072}.Release|Any CPU.ActiveCfg = Release|Any CPU
		{91BCD43D-531A-44C2-BBA2-89D7A09AE072}.Release|Any CPU.Build.0 = Release|Any CPU
	EndGlobalSection
	GlobalSection(SolutionProperties) = preSolution
		HideSolutionNode = FALSE
	EndGlobalSection
	GlobalSection(ExtensibilityGlobals) = postSolution
		SolutionGuid = {77707508-506B-4A79-A95B-EEBB55699BEE}
	EndGlobalSection
EndGlobal
