
Microsoft Visual Studio Solution File, Format Version 12.00
# Visual Studio Version 16
VisualStudioVersion = 16.0.29926.136
MinimumVisualStudioVersion = 10.0.40219.1
Project("{8BC9CEB8-8B4A-11D0-8D11-00A0C91BC942}") = "C++ Lista 5", "C++ Lista 5\C++ Lista 5.vcxproj", "{88592295-B290-4CC6-B4EA-C6095E91986A}"
EndProject
Global
	GlobalSection(SolutionConfigurationPlatforms) = preSolution
		Debug|x64 = Debug|x64
		Debug|x86 = Debug|x86
		Release|x64 = Release|x64
		Release|x86 = Release|x86
	EndGlobalSection
	GlobalSection(ProjectConfigurationPlatforms) = postSolution
		{88592295-B290-4CC6-B4EA-C6095E91986A}.Debug|x64.ActiveCfg = Debug|x64
		{88592295-B290-4CC6-B4EA-C6095E91986A}.Debug|x64.Build.0 = Debug|x64
		{88592295-B290-4CC6-B4EA-C6095E91986A}.Debug|x86.ActiveCfg = Debug|Win32
		{88592295-B290-4CC6-B4EA-C6095E91986A}.Debug|x86.Build.0 = Debug|Win32
		{88592295-B290-4CC6-B4EA-C6095E91986A}.Release|x64.ActiveCfg = Release|x64
		{88592295-B290-4CC6-B4EA-C6095E91986A}.Release|x64.Build.0 = Release|x64
		{88592295-B290-4CC6-B4EA-C6095E91986A}.Release|x86.ActiveCfg = Release|Win32
		{88592295-B290-4CC6-B4EA-C6095E91986A}.Release|x86.Build.0 = Release|Win32
	EndGlobalSection
	GlobalSection(SolutionProperties) = preSolution
		HideSolutionNode = FALSE
	EndGlobalSection
	GlobalSection(ExtensibilityGlobals) = postSolution
		SolutionGuid = {45DD5EF8-2627-4693-BFFA-6266B9A797F5}
	EndGlobalSection
EndGlobal
