
Microsoft Visual Studio Solution File, Format Version 12.00
# Visual Studio Version 16
VisualStudioVersion = 16.0.29905.134
MinimumVisualStudioVersion = 10.0.40219.1
Project("{FAE04EC0-301F-11D3-BF4B-00C04F79EFBC}") = "Zad 3.2", "Zad 3.2\Zad 3.2.csproj", "{546EA01C-8812-419E-9D9D-B225A64C6F18}"
EndProject
Global
	GlobalSection(SolutionConfigurationPlatforms) = preSolution
		Debug|Any CPU = Debug|Any CPU
		Release|Any CPU = Release|Any CPU
	EndGlobalSection
	GlobalSection(ProjectConfigurationPlatforms) = postSolution
		{546EA01C-8812-419E-9D9D-B225A64C6F18}.Debug|Any CPU.ActiveCfg = Debug|Any CPU
		{546EA01C-8812-419E-9D9D-B225A64C6F18}.Debug|Any CPU.Build.0 = Debug|Any CPU
		{546EA01C-8812-419E-9D9D-B225A64C6F18}.Release|Any CPU.ActiveCfg = Release|Any CPU
		{546EA01C-8812-419E-9D9D-B225A64C6F18}.Release|Any CPU.Build.0 = Release|Any CPU
	EndGlobalSection
	GlobalSection(SolutionProperties) = preSolution
		HideSolutionNode = FALSE
	EndGlobalSection
	GlobalSection(ExtensibilityGlobals) = postSolution
		SolutionGuid = {C47CD864-61B2-497D-800B-56FE9F57215E}
	EndGlobalSection
EndGlobal
