
Microsoft Visual Studio Solution File, Format Version 12.00
# Visual Studio Version 16
VisualStudioVersion = 16.0.31402.337
MinimumVisualStudioVersion = 10.0.40219.1
Project("{FAE04EC0-301F-11D3-BF4B-00C04F79EFBC}") = "Zadanie1", "Zadanie 1\Zadanie1.csproj", "{A9329A48-61EB-4FC7-B8F5-E9E93D9D38D3}"
EndProject
Project("{FAE04EC0-301F-11D3-BF4B-00C04F79EFBC}") = "Zadanie3", "Zadanie3\Zadanie3.csproj", "{7FC6151C-6E30-47AC-97AD-C77435C8B6D6}"
EndProject
Project("{FAE04EC0-301F-11D3-BF4B-00C04F79EFBC}") = "Zadanie4", "Zadanie4\Zadanie4.csproj", "{F69622DE-B891-457C-927B-AA74E6C493DE}"
EndProject
Global
	GlobalSection(SolutionConfigurationPlatforms) = preSolution
		Debug|Any CPU = Debug|Any CPU
		Release|Any CPU = Release|Any CPU
	EndGlobalSection
	GlobalSection(ProjectConfigurationPlatforms) = postSolution
		{A9329A48-61EB-4FC7-B8F5-E9E93D9D38D3}.Debug|Any CPU.ActiveCfg = Debug|Any CPU
		{A9329A48-61EB-4FC7-B8F5-E9E93D9D38D3}.Debug|Any CPU.Build.0 = Debug|Any CPU
		{A9329A48-61EB-4FC7-B8F5-E9E93D9D38D3}.Release|Any CPU.ActiveCfg = Release|Any CPU
		{A9329A48-61EB-4FC7-B8F5-E9E93D9D38D3}.Release|Any CPU.Build.0 = Release|Any CPU
		{7FC6151C-6E30-47AC-97AD-C77435C8B6D6}.Debug|Any CPU.ActiveCfg = Debug|Any CPU
		{7FC6151C-6E30-47AC-97AD-C77435C8B6D6}.Debug|Any CPU.Build.0 = Debug|Any CPU
		{7FC6151C-6E30-47AC-97AD-C77435C8B6D6}.Release|Any CPU.ActiveCfg = Release|Any CPU
		{7FC6151C-6E30-47AC-97AD-C77435C8B6D6}.Release|Any CPU.Build.0 = Release|Any CPU
		{F69622DE-B891-457C-927B-AA74E6C493DE}.Debug|Any CPU.ActiveCfg = Debug|Any CPU
		{F69622DE-B891-457C-927B-AA74E6C493DE}.Debug|Any CPU.Build.0 = Debug|Any CPU
		{F69622DE-B891-457C-927B-AA74E6C493DE}.Release|Any CPU.ActiveCfg = Release|Any CPU
		{F69622DE-B891-457C-927B-AA74E6C493DE}.Release|Any CPU.Build.0 = Release|Any CPU
	EndGlobalSection
	GlobalSection(SolutionProperties) = preSolution
		HideSolutionNode = FALSE
	EndGlobalSection
	GlobalSection(ExtensibilityGlobals) = postSolution
		SolutionGuid = {1DAEAC2C-6C3E-46DD-B8B5-27CE6C7E4816}
	EndGlobalSection
EndGlobal
