
Microsoft Visual Studio Solution File, Format Version 12.00
# Visual Studio Version 16
VisualStudioVersion = 16.0.29709.97
MinimumVisualStudioVersion = 10.0.40219.1
Project("{9A19103F-16F7-4668-BE54-9A1E7A4F7556}") = "Zad 2.4", "Zad 2.2\Zad 2.4.csproj", "{A6BF40F4-7CDD-4F0D-B9D6-18339CDE5AD5}"
EndProject
Global
	GlobalSection(SolutionConfigurationPlatforms) = preSolution
		Debug|Any CPU = Debug|Any CPU
		Release|Any CPU = Release|Any CPU
	EndGlobalSection
	GlobalSection(ProjectConfigurationPlatforms) = postSolution
		{A6BF40F4-7CDD-4F0D-B9D6-18339CDE5AD5}.Debug|Any CPU.ActiveCfg = Debug|Any CPU
		{A6BF40F4-7CDD-4F0D-B9D6-18339CDE5AD5}.Debug|Any CPU.Build.0 = Debug|Any CPU
		{A6BF40F4-7CDD-4F0D-B9D6-18339CDE5AD5}.Release|Any CPU.ActiveCfg = Release|Any CPU
		{A6BF40F4-7CDD-4F0D-B9D6-18339CDE5AD5}.Release|Any CPU.Build.0 = Release|Any CPU
	EndGlobalSection
	GlobalSection(SolutionProperties) = preSolution
		HideSolutionNode = FALSE
	EndGlobalSection
	GlobalSection(ExtensibilityGlobals) = postSolution
		SolutionGuid = {ED202684-AEEC-4FDE-86AD-46659BAFD8AC}
	EndGlobalSection
EndGlobal
